
Microsoft Visual Studio Solution File, Format Version 12.00
# Visual Studio 15
VisualStudioVersion = 15.0.28307.1231
MinimumVisualStudioVersion = 10.0.40219.1
Project("{FAE04EC0-301F-11D3-BF4B-00C04F79EFBC}") = "RefBOT", "RefBOT\RefBOT.csproj", "{C4FB9F42-38B7-4BE5-8658-A7EAB48B8657}"
EndProject
Global
	GlobalSection(SolutionConfigurationPlatforms) = preSolution
		Debug|Any CPU = Debug|Any CPU
		Release|Any CPU = Release|Any CPU
	EndGlobalSection
	GlobalSection(ProjectConfigurationPlatforms) = postSolution
		{C4FB9F42-38B7-4BE5-8658-A7EAB48B8657}.Debug|Any CPU.ActiveCfg = Debug|Any CPU
		{C4FB9F42-38B7-4BE5-8658-A7EAB48B8657}.Debug|Any CPU.Build.0 = Debug|Any CPU
		{C4FB9F42-38B7-4BE5-8658-A7EAB48B8657}.Release|Any CPU.ActiveCfg = Release|Any CPU
		{C4FB9F42-38B7-4BE5-8658-A7EAB48B8657}.Release|Any CPU.Build.0 = Release|Any CPU
	EndGlobalSection
	GlobalSection(SolutionProperties) = preSolution
		HideSolutionNode = FALSE
	EndGlobalSection
	GlobalSection(ExtensibilityGlobals) = postSolution
		SolutionGuid = {BD4CD101-E4AE-4D1F-9409-0E78E05C5CA1}
	EndGlobalSection
EndGlobal
